// !$*UTF8*$!
{
	archiveVersion = 1;
	classes = {
	};
	objectVersion = 56;
	objects = {

/* Begin PBXBuildFile section */
		D76669212BA329E6008E93E7 /* SwiftPackagesApp.swift in Sources */ = {isa = PBXBuildFile; fileRef = D76669202BA329E6008E93E7 /* SwiftPackagesApp.swift */; };
		D76669232BA329E6008E93E7 /* ContentView.swift in Sources */ = {isa = PBXBuildFile; fileRef = D76669222BA329E6008E93E7 /* ContentView.swift */; };
		D76669252BA329E9008E93E7 /* Assets.xcassets in Resources */ = {isa = PBXBuildFile; fileRef = D76669242BA329E9008E93E7 /* Assets.xcassets */; };
		D76669282BA329E9008E93E7 /* Preview Assets.xcassets in Resources */ = {isa = PBXBuildFile; fileRef = D76669272BA329E9008E93E7 /* Preview Assets.xcassets */; };
		D76669302BA32BE5008E93E7 /* SDWebImageSwiftUI in Frameworks */ = {isa = PBXBuildFile; productRef = D766692F2BA32BE5008E93E7 /* SDWebImageSwiftUI */; };
		D76669352BA33171008E93E7 /* SDWebImage.swift in Sources */ = {isa = PBXBuildFile; fileRef = D76669342BA33171008E93E7 /* SDWebImage.swift */; };
		D76669382BA982C1008E93E7 /* KingFisher.swift in Sources */ = {isa = PBXBuildFile; fileRef = D76669372BA982C1008E93E7 /* KingFisher.swift */; };
		D766693B2BA982FB008E93E7 /* ImageLoader.swift in Sources */ = {isa = PBXBuildFile; fileRef = D766693A2BA982FB008E93E7 /* ImageLoader.swift */; };
		D766693E2BA984A5008E93E7 /* Kingfisher in Frameworks */ = {isa = PBXBuildFile; productRef = D766693D2BA984A5008E93E7 /* Kingfisher */; };
		D76669402BA989AA008E93E7 /* PrefetchingImage.swift in Sources */ = {isa = PBXBuildFile; fileRef = D766693F2BA989AA008E93E7 /* PrefetchingImage.swift */; };
		D76669422BA989E5008E93E7 /* PrefetcherKF.swift in Sources */ = {isa = PBXBuildFile; fileRef = D76669412BA989E5008E93E7 /* PrefetcherKF.swift */; };
		D76669462BA98C7B008E93E7 /* KeychainSwift in Frameworks */ = {isa = PBXBuildFile; productRef = D76669452BA98C7B008E93E7 /* KeychainSwift */; };
		D76669482BA98DCD008E93E7 /* Keychain.swift in Sources */ = {isa = PBXBuildFile; fileRef = D76669472BA98DCD008E93E7 /* Keychain.swift */; };
/* End PBXBuildFile section */

/* Begin PBXFileReference section */
		D766691D2BA329E6008E93E7 /* SwiftPackages.app */ = {isa = PBXFileReference; explicitFileType = wrapper.application; includeInIndex = 0; path = SwiftPackages.app; sourceTree = BUILT_PRODUCTS_DIR; };
		D76669202BA329E6008E93E7 /* SwiftPackagesApp.swift */ = {isa = PBXFileReference; lastKnownFileType = sourcecode.swift; path = SwiftPackagesApp.swift; sourceTree = "<group>"; };
		D76669222BA329E6008E93E7 /* ContentView.swift */ = {isa = PBXFileReference; lastKnownFileType = sourcecode.swift; path = ContentView.swift; sourceTree = "<group>"; };
		D76669242BA329E9008E93E7 /* Assets.xcassets */ = {isa = PBXFileReference; lastKnownFileType = folder.assetcatalog; path = Assets.xcassets; sourceTree = "<group>"; };
		D76669272BA329E9008E93E7 /* Preview Assets.xcassets */ = {isa = PBXFileReference; lastKnownFileType = folder.assetcatalog; path = "Preview Assets.xcassets"; sourceTree = "<group>"; };
		D76669342BA33171008E93E7 /* SDWebImage.swift */ = {isa = PBXFileReference; lastKnownFileType = sourcecode.swift; path = SDWebImage.swift; sourceTree = "<group>"; };
		D76669372BA982C1008E93E7 /* KingFisher.swift */ = {isa = PBXFileReference; lastKnownFileType = sourcecode.swift; path = KingFisher.swift; sourceTree = "<group>"; };
		D766693A2BA982FB008E93E7 /* ImageLoader.swift */ = {isa = PBXFileReference; lastKnownFileType = sourcecode.swift; path = ImageLoader.swift; sourceTree = "<group>"; };
		D766693F2BA989AA008E93E7 /* PrefetchingImage.swift */ = {isa = PBXFileReference; lastKnownFileType = sourcecode.swift; path = PrefetchingImage.swift; sourceTree = "<group>"; };
		D76669412BA989E5008E93E7 /* PrefetcherKF.swift */ = {isa = PBXFileReference; lastKnownFileType = sourcecode.swift; path = PrefetcherKF.swift; sourceTree = "<group>"; };
		D76669472BA98DCD008E93E7 /* Keychain.swift */ = {isa = PBXFileReference; lastKnownFileType = sourcecode.swift; path = Keychain.swift; sourceTree = "<group>"; };
/* End PBXFileReference section */

/* Begin PBXFrameworksBuildPhase section */
		D766691A2BA329E6008E93E7 /* Frameworks */ = {
			isa = PBXFrameworksBuildPhase;
			buildActionMask = 2147483647;
			files = (
				D76669462BA98C7B008E93E7 /* KeychainSwift in Frameworks */,
				D766693E2BA984A5008E93E7 /* Kingfisher in Frameworks */,
				D76669302BA32BE5008E93E7 /* SDWebImageSwiftUI in Frameworks */,
			);
			runOnlyForDeploymentPostprocessing = 0;
		};
/* End PBXFrameworksBuildPhase section */

/* Begin PBXGroup section */
		D76669142BA329E6008E93E7 = {
			isa = PBXGroup;
			children = (
				D766691F2BA329E6008E93E7 /* SwiftPackages */,
				D766691E2BA329E6008E93E7 /* Products */,
			);
			sourceTree = "<group>";
		};
		D766691E2BA329E6008E93E7 /* Products */ = {
			isa = PBXGroup;
			children = (
				D766691D2BA329E6008E93E7 /* SwiftPackages.app */,
			);
			name = Products;
			sourceTree = "<group>";
		};
		D766691F2BA329E6008E93E7 /* SwiftPackages */ = {
			isa = PBXGroup;
			children = (
				D76669312BA32C72008E93E7 /* App */,
				D76669392BA982E3008E93E7 /* ImageLoader */,
				D76669322BA32C77008E93E7 /* Packages */,
				D76669242BA329E9008E93E7 /* Assets.xcassets */,
				D76669262BA329E9008E93E7 /* Preview Content */,
			);
			path = SwiftPackages;
			sourceTree = "<group>";
		};
		D76669262BA329E9008E93E7 /* Preview Content */ = {
			isa = PBXGroup;
			children = (
				D76669272BA329E9008E93E7 /* Preview Assets.xcassets */,
			);
			path = "Preview Content";
			sourceTree = "<group>";
		};
		D76669312BA32C72008E93E7 /* App */ = {
			isa = PBXGroup;
			children = (
				D76669222BA329E6008E93E7 /* ContentView.swift */,
				D76669202BA329E6008E93E7 /* SwiftPackagesApp.swift */,
			);
			path = App;
			sourceTree = "<group>";
		};
		D76669322BA32C77008E93E7 /* Packages */ = {
			isa = PBXGroup;
			children = (
				D76669432BA98C35008E93E7 /* Keychain */,
				D76669362BA98295008E93E7 /* KingFisher */,
				D76669332BA32C8F008E93E7 /* SDWebImage */,
			);
			path = Packages;
			sourceTree = "<group>";
		};
		D76669332BA32C8F008E93E7 /* SDWebImage */ = {
			isa = PBXGroup;
			children = (
				D76669342BA33171008E93E7 /* SDWebImage.swift */,
				D766693F2BA989AA008E93E7 /* PrefetchingImage.swift */,
			);
			path = SDWebImage;
			sourceTree = "<group>";
		};
		D76669362BA98295008E93E7 /* KingFisher */ = {
			isa = PBXGroup;
			children = (
				D76669372BA982C1008E93E7 /* KingFisher.swift */,
				D76669412BA989E5008E93E7 /* PrefetcherKF.swift */,
			);
			path = KingFisher;
			sourceTree = "<group>";
		};
		D76669392BA982E3008E93E7 /* ImageLoader */ = {
			isa = PBXGroup;
			children = (
				D766693A2BA982FB008E93E7 /* ImageLoader.swift */,
			);
			path = ImageLoader;
			sourceTree = "<group>";
		};
		D76669432BA98C35008E93E7 /* Keychain */ = {
			isa = PBXGroup;
			children = (
				D76669472BA98DCD008E93E7 /* Keychain.swift */,
			);
			path = Keychain;
			sourceTree = "<group>";
		};
/* End PBXGroup section */

/* Begin PBXNativeTarget section */
		D766691C2BA329E6008E93E7 /* SwiftPackages */ = {
			isa = PBXNativeTarget;
			buildConfigurationList = D766692B2BA329E9008E93E7 /* Build configuration list for PBXNativeTarget "SwiftPackages" */;
			buildPhases = (
				D76669192BA329E6008E93E7 /* Sources */,
				D766691A2BA329E6008E93E7 /* Frameworks */,
				D766691B2BA329E6008E93E7 /* Resources */,
			);
			buildRules = (
			);
			dependencies = (
			);
			name = SwiftPackages;
			packageProductDependencies = (
				D766692F2BA32BE5008E93E7 /* SDWebImageSwiftUI */,
				D766693D2BA984A5008E93E7 /* Kingfisher */,
				D76669452BA98C7B008E93E7 /* KeychainSwift */,
			);
			productName = SwiftPackages;
			productReference = D766691D2BA329E6008E93E7 /* SwiftPackages.app */;
			productType = "com.apple.product-type.application";
		};
/* End PBXNativeTarget section */

/* Begin PBXProject section */
		D76669152BA329E6008E93E7 /* Project object */ = {
			isa = PBXProject;
			attributes = {
				BuildIndependentTargetsInParallel = 1;
				LastSwiftUpdateCheck = 1520;
				LastUpgradeCheck = 1520;
				TargetAttributes = {
					D766691C2BA329E6008E93E7 = {
						CreatedOnToolsVersion = 15.2;
					};
				};
			};
			buildConfigurationList = D76669182BA329E6008E93E7 /* Build configuration list for PBXProject "SwiftPackages" */;
			compatibilityVersion = "Xcode 14.0";
			developmentRegion = en;
			hasScannedForEncodings = 0;
			knownRegions = (
				en,
				Base,
			);
			mainGroup = D76669142BA329E6008E93E7;
			packageReferences = (
				D766692E2BA32BE5008E93E7 /* XCRemoteSwiftPackageReference "SDWebImageSwiftUI" */,
				D766693C2BA984A5008E93E7 /* XCRemoteSwiftPackageReference "Kingfisher" */,
				D76669442BA98C7B008E93E7 /* XCRemoteSwiftPackageReference "keychain-swift" */,
			);
			productRefGroup = D766691E2BA329E6008E93E7 /* Products */;
			projectDirPath = "";
			projectRoot = "";
			targets = (
				D766691C2BA329E6008E93E7 /* SwiftPackages */,
			);
		};
/* End PBXProject section */

/* Begin PBXResourcesBuildPhase section */
		D766691B2BA329E6008E93E7 /* Resources */ = {
			isa = PBXResourcesBuildPhase;
			buildActionMask = 2147483647;
			files = (
				D76669282BA329E9008E93E7 /* Preview Assets.xcassets in Resources */,
				D76669252BA329E9008E93E7 /* Assets.xcassets in Resources */,
			);
			runOnlyForDeploymentPostprocessing = 0;
		};
/* End PBXResourcesBuildPhase section */

/* Begin PBXSourcesBuildPhase section */
		D76669192BA329E6008E93E7 /* Sources */ = {
			isa = PBXSourcesBuildPhase;
			buildActionMask = 2147483647;
			files = (
				D76669422BA989E5008E93E7 /* PrefetcherKF.swift in Sources */,
				D76669232BA329E6008E93E7 /* ContentView.swift in Sources */,
				D76669382BA982C1008E93E7 /* KingFisher.swift in Sources */,
				D766693B2BA982FB008E93E7 /* ImageLoader.swift in Sources */,
				D76669402BA989AA008E93E7 /* PrefetchingImage.swift in Sources */,
				D76669482BA98DCD008E93E7 /* Keychain.swift in Sources */,
				D76669212BA329E6008E93E7 /* SwiftPackagesApp.swift in Sources */,
				D76669352BA33171008E93E7 /* SDWebImage.swift in Sources */,
			);
			runOnlyForDeploymentPostprocessing = 0;
		};
/* End PBXSourcesBuildPhase section */

/* Begin XCBuildConfiguration section */
		D76669292BA329E9008E93E7 /* Debug */ = {
			isa = XCBuildConfiguration;
			buildSettings = {
				ALWAYS_SEARCH_USER_PATHS = NO;
				ASSETCATALOG_COMPILER_GENERATE_SWIFT_ASSET_SYMBOL_EXTENSIONS = YES;
				CLANG_ANALYZER_NONNULL = YES;
				CLANG_ANALYZER_NUMBER_OBJECT_CONVERSION = YES_AGGRESSIVE;
				CLANG_CXX_LANGUAGE_STANDARD = "gnu++20";
				CLANG_ENABLE_MODULES = YES;
				CLANG_ENABLE_OBJC_ARC = YES;
				CLANG_ENABLE_OBJC_WEAK = YES;
				CLANG_WARN_BLOCK_CAPTURE_AUTORELEASING = YES;
				CLANG_WARN_BOOL_CONVERSION = YES;
				CLANG_WARN_COMMA = YES;
				CLANG_WARN_CONSTANT_CONVERSION = YES;
				CLANG_WARN_DEPRECATED_OBJC_IMPLEMENTATIONS = YES;
				CLANG_WARN_DIRECT_OBJC_ISA_USAGE = YES_ERROR;
				CLANG_WARN_DOCUMENTATION_COMMENTS = YES;
				CLANG_WARN_EMPTY_BODY = YES;
				CLANG_WARN_ENUM_CONVERSION = YES;
				CLANG_WARN_INFINITE_RECURSION = YES;
				CLANG_WARN_INT_CONVERSION = YES;
				CLANG_WARN_NON_LITERAL_NULL_CONVERSION = YES;
				CLANG_WARN_OBJC_IMPLICIT_RETAIN_SELF = YES;
				CLANG_WARN_OBJC_LITERAL_CONVERSION = YES;
				CLANG_WARN_OBJC_ROOT_CLASS = YES_ERROR;
				CLANG_WARN_QUOTED_INCLUDE_IN_FRAMEWORK_HEADER = YES;
				CLANG_WARN_RANGE_LOOP_ANALYSIS = YES;
				CLANG_WARN_STRICT_PROTOTYPES = YES;
				CLANG_WARN_SUSPICIOUS_MOVE = YES;
				CLANG_WARN_UNGUARDED_AVAILABILITY = YES_AGGRESSIVE;
				CLANG_WARN_UNREACHABLE_CODE = YES;
				CLANG_WARN__DUPLICATE_METHOD_MATCH = YES;
				COPY_PHASE_STRIP = NO;
				DEBUG_INFORMATION_FORMAT = dwarf;
				ENABLE_STRICT_OBJC_MSGSEND = YES;
				ENABLE_TESTABILITY = YES;
				ENABLE_USER_SCRIPT_SANDBOXING = YES;
				GCC_C_LANGUAGE_STANDARD = gnu17;
				GCC_DYNAMIC_NO_PIC = NO;
				GCC_NO_COMMON_BLOCKS = YES;
				GCC_OPTIMIZATION_LEVEL = 0;
				GCC_PREPROCESSOR_DEFINITIONS = (
					"DEBUG=1",
					"$(inherited)",
				);
				GCC_WARN_64_TO_32_BIT_CONVERSION = YES;
				GCC_WARN_ABOUT_RETURN_TYPE = YES_ERROR;
				GCC_WARN_UNDECLARED_SELECTOR = YES;
				GCC_WARN_UNINITIALIZED_AUTOS = YES_AGGRESSIVE;
				GCC_WARN_UNUSED_FUNCTION = YES;
				GCC_WARN_UNUSED_VARIABLE = YES;
				IPHONEOS_DEPLOYMENT_TARGET = 17.2;
				LOCALIZATION_PREFERS_STRING_CATALOGS = YES;
				MTL_ENABLE_DEBUG_INFO = INCLUDE_SOURCE;
				MTL_FAST_MATH = YES;
				ONLY_ACTIVE_ARCH = YES;
				SDKROOT = iphoneos;
				SWIFT_ACTIVE_COMPILATION_CONDITIONS = "DEBUG $(inherited)";
				SWIFT_OPTIMIZATION_LEVEL = "-Onone";
			};
			name = Debug;
		};
		D766692A2BA329E9008E93E7 /* Release */ = {
			isa = XCBuildConfiguration;
			buildSettings = {
				ALWAYS_SEARCH_USER_PATHS = NO;
				ASSETCATALOG_COMPILER_GENERATE_SWIFT_ASSET_SYMBOL_EXTENSIONS = YES;
				CLANG_ANALYZER_NONNULL = YES;
				CLANG_ANALYZER_NUMBER_OBJECT_CONVERSION = YES_AGGRESSIVE;
				CLANG_CXX_LANGUAGE_STANDARD = "gnu++20";
				CLANG_ENABLE_MODULES = YES;
				CLANG_ENABLE_OBJC_ARC = YES;
				CLANG_ENABLE_OBJC_WEAK = YES;
				CLANG_WARN_BLOCK_CAPTURE_AUTORELEASING = YES;
				CLANG_WARN_BOOL_CONVERSION = YES;
				CLANG_WARN_COMMA = YES;
				CLANG_WARN_CONSTANT_CONVERSION = YES;
				CLANG_WARN_DEPRECATED_OBJC_IMPLEMENTATIONS = YES;
				CLANG_WARN_DIRECT_OBJC_ISA_USAGE = YES_ERROR;
				CLANG_WARN_DOCUMENTATION_COMMENTS = YES;
				CLANG_WARN_EMPTY_BODY = YES;
				CLANG_WARN_ENUM_CONVERSION = YES;
				CLANG_WARN_INFINITE_RECURSION = YES;
				CLANG_WARN_INT_CONVERSION = YES;
				CLANG_WARN_NON_LITERAL_NULL_CONVERSION = YES;
				CLANG_WARN_OBJC_IMPLICIT_RETAIN_SELF = YES;
				CLANG_WARN_OBJC_LITERAL_CONVERSION = YES;
				CLANG_WARN_OBJC_ROOT_CLASS = YES_ERROR;
				CLANG_WARN_QUOTED_INCLUDE_IN_FRAMEWORK_HEADER = YES;
				CLANG_WARN_RANGE_LOOP_ANALYSIS = YES;
				CLANG_WARN_STRICT_PROTOTYPES = YES;
				CLANG_WARN_SUSPICIOUS_MOVE = YES;
				CLANG_WARN_UNGUARDED_AVAILABILITY = YES_AGGRESSIVE;
				CLANG_WARN_UNREACHABLE_CODE = YES;
				CLANG_WARN__DUPLICATE_METHOD_MATCH = YES;
				COPY_PHASE_STRIP = NO;
				DEBUG_INFORMATION_FORMAT = "dwarf-with-dsym";
				ENABLE_NS_ASSERTIONS = NO;
				ENABLE_STRICT_OBJC_MSGSEND = YES;
				ENABLE_USER_SCRIPT_SANDBOXING = YES;
				GCC_C_LANGUAGE_STANDARD = gnu17;
				GCC_NO_COMMON_BLOCKS = YES;
				GCC_WARN_64_TO_32_BIT_CONVERSION = YES;
				GCC_WARN_ABOUT_RETURN_TYPE = YES_ERROR;
				GCC_WARN_UNDECLARED_SELECTOR = YES;
				GCC_WARN_UNINITIALIZED_AUTOS = YES_AGGRESSIVE;
				GCC_WARN_UNUSED_FUNCTION = YES;
				GCC_WARN_UNUSED_VARIABLE = YES;
				IPHONEOS_DEPLOYMENT_TARGET = 17.2;
				LOCALIZATION_PREFERS_STRING_CATALOGS = YES;
				MTL_ENABLE_DEBUG_INFO = NO;
				MTL_FAST_MATH = YES;
				SDKROOT = iphoneos;
				SWIFT_COMPILATION_MODE = wholemodule;
				VALIDATE_PRODUCT = YES;
			};
			name = Release;
		};
		D766692C2BA329E9008E93E7 /* Debug */ = {
			isa = XCBuildConfiguration;
			buildSettings = {
				ASSETCATALOG_COMPILER_APPICON_NAME = AppIcon;
				ASSETCATALOG_COMPILER_GLOBAL_ACCENT_COLOR_NAME = AccentColor;
				CODE_SIGN_STYLE = Automatic;
				CURRENT_PROJECT_VERSION = 1;
				DEVELOPMENT_ASSET_PATHS = "\"SwiftPackages/Preview Content\"";
				DEVELOPMENT_TEAM = 648U26QNYT;
				ENABLE_PREVIEWS = YES;
				GENERATE_INFOPLIST_FILE = YES;
				INFOPLIST_KEY_UIApplicationSceneManifest_Generation = YES;
				INFOPLIST_KEY_UIApplicationSupportsIndirectInputEvents = YES;
				INFOPLIST_KEY_UILaunchScreen_Generation = YES;
				INFOPLIST_KEY_UISupportedInterfaceOrientations_iPad = "UIInterfaceOrientationPortrait UIInterfaceOrientationPortraitUpsideDown UIInterfaceOrientationLandscapeLeft UIInterfaceOrientationLandscapeRight";
				INFOPLIST_KEY_UISupportedInterfaceOrientations_iPhone = "UIInterfaceOrientationPortrait UIInterfaceOrientationLandscapeLeft UIInterfaceOrientationLandscapeRight";
				LD_RUNPATH_SEARCH_PATHS = (
					"$(inherited)",
					"@executable_path/Frameworks",
				);
				MARKETING_VERSION = 1.0;
				PRODUCT_BUNDLE_IDENTIFIER = com.SwiftPackages;
				PRODUCT_NAME = "$(TARGET_NAME)";
				SWIFT_EMIT_LOC_STRINGS = YES;
				SWIFT_VERSION = 5.0;
				TARGETED_DEVICE_FAMILY = "1,2";
			};
			name = Debug;
		};
		D766692D2BA329E9008E93E7 /* Release */ = {
			isa = XCBuildConfiguration;
			buildSettings = {
				ASSETCATALOG_COMPILER_APPICON_NAME = AppIcon;
				ASSETCATALOG_COMPILER_GLOBAL_ACCENT_COLOR_NAME = AccentColor;
				CODE_SIGN_STYLE = Automatic;
				CURRENT_PROJECT_VERSION = 1;
				DEVELOPMENT_ASSET_PATHS = "\"SwiftPackages/Preview Content\"";
				DEVELOPMENT_TEAM = 648U26QNYT;
				ENABLE_PREVIEWS = YES;
				GENERATE_INFOPLIST_FILE = YES;
				INFOPLIST_KEY_UIApplicationSceneManifest_Generation = YES;
				INFOPLIST_KEY_UIApplicationSupportsIndirectInputEvents = YES;
				INFOPLIST_KEY_UILaunchScreen_Generation = YES;
				INFOPLIST_KEY_UISupportedInterfaceOrientations_iPad = "UIInterfaceOrientationPortrait UIInterfaceOrientationPortraitUpsideDown UIInterfaceOrientationLandscapeLeft UIInterfaceOrientationLandscapeRight";
				INFOPLIST_KEY_UISupportedInterfaceOrientations_iPhone = "UIInterfaceOrientationPortrait UIInterfaceOrientationLandscapeLeft UIInterfaceOrientationLandscapeRight";
				LD_RUNPATH_SEARCH_PATHS = (
					"$(inherited)",
					"@executable_path/Frameworks",
				);
				MARKETING_VERSION = 1.0;
				PRODUCT_BUNDLE_IDENTIFIER = com.SwiftPackages;
				PRODUCT_NAME = "$(TARGET_NAME)";
				SWIFT_EMIT_LOC_STRINGS = YES;
				SWIFT_VERSION = 5.0;
				TARGETED_DEVICE_FAMILY = "1,2";
			};
			name = Release;
		};
/* End XCBuildConfiguration section */

/* Begin XCConfigurationList section */
		D76669182BA329E6008E93E7 /* Build configuration list for PBXProject "SwiftPackages" */ = {
			isa = XCConfigurationList;
			buildConfigurations = (
				D76669292BA329E9008E93E7 /* Debug */,
				D766692A2BA329E9008E93E7 /* Release */,
			);
			defaultConfigurationIsVisible = 0;
			defaultConfigurationName = Release;
		};
		D766692B2BA329E9008E93E7 /* Build configuration list for PBXNativeTarget "SwiftPackages" */ = {
			isa = XCConfigurationList;
			buildConfigurations = (
				D766692C2BA329E9008E93E7 /* Debug */,
				D766692D2BA329E9008E93E7 /* Release */,
			);
			defaultConfigurationIsVisible = 0;
			defaultConfigurationName = Release;
		};
/* End XCConfigurationList section */

/* Begin XCRemoteSwiftPackageReference section */
		D766692E2BA32BE5008E93E7 /* XCRemoteSwiftPackageReference "SDWebImageSwiftUI" */ = {
			isa = XCRemoteSwiftPackageReference;
			repositoryURL = "https://github.com/SDWebImage/SDWebImageSwiftUI.git";
			requirement = {
				kind = upToNextMajorVersion;
				minimumVersion = 3.0.0;
			};
		};
		D766693C2BA984A5008E93E7 /* XCRemoteSwiftPackageReference "Kingfisher" */ = {
			isa = XCRemoteSwiftPackageReference;
			repositoryURL = "https://github.com/onevcat/Kingfisher.git";
			requirement = {
				kind = upToNextMajorVersion;
				minimumVersion = 7.11.0;
			};
		};
		D76669442BA98C7B008E93E7 /* XCRemoteSwiftPackageReference "keychain-swift" */ = {
			isa = XCRemoteSwiftPackageReference;
			repositoryURL = "https://github.com/evgenyneu/keychain-swift.git";
			requirement = {
				kind = upToNextMajorVersion;
				minimumVersion = 21.0.0;
			};
		};
/* End XCRemoteSwiftPackageReference section */

/* Begin XCSwiftPackageProductDependency section */
		D766692F2BA32BE5008E93E7 /* SDWebImageSwiftUI */ = {
			isa = XCSwiftPackageProductDependency;
			package = D766692E2BA32BE5008E93E7 /* XCRemoteSwiftPackageReference "SDWebImageSwiftUI" */;
			productName = SDWebImageSwiftUI;
		};
		D766693D2BA984A5008E93E7 /* Kingfisher */ = {
			isa = XCSwiftPackageProductDependency;
			package = D766693C2BA984A5008E93E7 /* XCRemoteSwiftPackageReference "Kingfisher" */;
			productName = Kingfisher;
		};
		D76669452BA98C7B008E93E7 /* KeychainSwift */ = {
			isa = XCSwiftPackageProductDependency;
			package = D76669442BA98C7B008E93E7 /* XCRemoteSwiftPackageReference "keychain-swift" */;
			productName = KeychainSwift;
		};
/* End XCSwiftPackageProductDependency section */
	};
	rootObject = D76669152BA329E6008E93E7 /* Project object */;
}
